
Microsoft Visual Studio Solution File, Format Version 12.00
# Visual Studio Version 17
VisualStudioVersion = 17.3.32825.248
MinimumVisualStudioVersion = 10.0.40219.1
Project("{FAE04EC0-301F-11D3-BF4B-00C04F79EFBC}") = "geaje", "geaje\geaje.csproj", "{51ECDF64-B006-4CA5-B539-781D664C3834}"
EndProject
Global
	GlobalSection(SolutionConfigurationPlatforms) = preSolution
		Debug|Any CPU = Debug|Any CPU
		Release|Any CPU = Release|Any CPU
	EndGlobalSection
	GlobalSection(ProjectConfigurationPlatforms) = postSolution
		{51ECDF64-B006-4CA5-B539-781D664C3834}.Debug|Any CPU.ActiveCfg = Debug|Any CPU
		{51ECDF64-B006-4CA5-B539-781D664C3834}.Debug|Any CPU.Build.0 = Debug|Any CPU
		{51ECDF64-B006-4CA5-B539-781D664C3834}.Release|Any CPU.ActiveCfg = Release|Any CPU
		{51ECDF64-B006-4CA5-B539-781D664C3834}.Release|Any CPU.Build.0 = Release|Any CPU
	EndGlobalSection
	GlobalSection(SolutionProperties) = preSolution
		HideSolutionNode = FALSE
	EndGlobalSection
	GlobalSection(ExtensibilityGlobals) = postSolution
		SolutionGuid = {54F21DB7-22AD-431D-93A1-381C8063C975}
	EndGlobalSection
EndGlobal
